
Microsoft Visual Studio Solution File, Format Version 10.00
# Visual Studio 2008
Project("{FAE04EC0-301F-11D3-BF4B-00C04F79EFBC}") = "ObjectProjector", "ObjectProjector\ObjectProjector.csproj", "{C91E311A-BFD9-461B-A91C-2C2B672BCF6C}"
EndProject
Global
	GlobalSection(SolutionConfigurationPlatforms) = preSolution
		Debug|Any CPU = Debug|Any CPU
		Release|Any CPU = Release|Any CPU
	EndGlobalSection
	GlobalSection(ProjectConfigurationPlatforms) = postSolution
		{C91E311A-BFD9-461B-A91C-2C2B672BCF6C}.Debug|Any CPU.ActiveCfg = Debug|Any CPU
		{C91E311A-BFD9-461B-A91C-2C2B672BCF6C}.Debug|Any CPU.Build.0 = Debug|Any CPU
		{C91E311A-BFD9-461B-A91C-2C2B672BCF6C}.Release|Any CPU.ActiveCfg = Release|Any CPU
		{C91E311A-BFD9-461B-A91C-2C2B672BCF6C}.Release|Any CPU.Build.0 = Release|Any CPU
	EndGlobalSection
	GlobalSection(SolutionProperties) = preSolution
		HideSolutionNode = FALSE
	EndGlobalSection
EndGlobal
